
Microsoft Visual Studio Solution File, Format Version 12.00
# Visual Studio Version 17
VisualStudioVersion = 17.0.31903.59
MinimumVisualStudioVersion = 10.0.40219.1
Project("{F2A71F9B-5D33-465A-A702-920D77279786}") = "Smoall", "Smoall\Smoall.fsproj", "{FF44C3F7-8EB0-4572-84BC-E2F806BA1E49}"
EndProject
Project("{F2A71F9B-5D33-465A-A702-920D77279786}") = "Smoall.Tests", "Smoall.Tests\Smoall.Tests.fsproj", "{8C96F993-2FBE-48A3-9998-D22C4409D515}"
EndProject
Global
	GlobalSection(SolutionConfigurationPlatforms) = preSolution
		Debug|Any CPU = Debug|Any CPU
		Release|Any CPU = Release|Any CPU
	EndGlobalSection
	GlobalSection(SolutionProperties) = preSolution
		HideSolutionNode = FALSE
	EndGlobalSection
	GlobalSection(ProjectConfigurationPlatforms) = postSolution
		{FF44C3F7-8EB0-4572-84BC-E2F806BA1E49}.Debug|Any CPU.ActiveCfg = Debug|Any CPU
		{FF44C3F7-8EB0-4572-84BC-E2F806BA1E49}.Debug|Any CPU.Build.0 = Debug|Any CPU
		{FF44C3F7-8EB0-4572-84BC-E2F806BA1E49}.Release|Any CPU.ActiveCfg = Release|Any CPU
		{FF44C3F7-8EB0-4572-84BC-E2F806BA1E49}.Release|Any CPU.Build.0 = Release|Any CPU
		{8C96F993-2FBE-48A3-9998-D22C4409D515}.Debug|Any CPU.ActiveCfg = Debug|Any CPU
		{8C96F993-2FBE-48A3-9998-D22C4409D515}.Debug|Any CPU.Build.0 = Debug|Any CPU
		{8C96F993-2FBE-48A3-9998-D22C4409D515}.Release|Any CPU.ActiveCfg = Release|Any CPU
		{8C96F993-2FBE-48A3-9998-D22C4409D515}.Release|Any CPU.Build.0 = Release|Any CPU
	EndGlobalSection
EndGlobal
